
Microsoft Visual Studio Solution File, Format Version 12.00
# Visual Studio Version 17
VisualStudioVersion = 17.5.33502.453
MinimumVisualStudioVersion = 10.0.40219.1
Project("{FAE04EC0-301F-11D3-BF4B-00C04F79EFBC}") = "API03", "API03.csproj", "{567CFFF3-95F2-46FA-A0BC-02114A112BD5}"
EndProject
Global
	GlobalSection(SolutionConfigurationPlatforms) = preSolution
		Debug|Any CPU = Debug|Any CPU
		Release|Any CPU = Release|Any CPU
	EndGlobalSection
	GlobalSection(ProjectConfigurationPlatforms) = postSolution
		{567CFFF3-95F2-46FA-A0BC-02114A112BD5}.Debug|Any CPU.ActiveCfg = Debug|Any CPU
		{567CFFF3-95F2-46FA-A0BC-02114A112BD5}.Debug|Any CPU.Build.0 = Debug|Any CPU
		{567CFFF3-95F2-46FA-A0BC-02114A112BD5}.Release|Any CPU.ActiveCfg = Release|Any CPU
		{567CFFF3-95F2-46FA-A0BC-02114A112BD5}.Release|Any CPU.Build.0 = Release|Any CPU
	EndGlobalSection
	GlobalSection(SolutionProperties) = preSolution
		HideSolutionNode = FALSE
	EndGlobalSection
	GlobalSection(ExtensibilityGlobals) = postSolution
		SolutionGuid = {E8F9AF63-97A3-49F8-8C75-0CE968C9CE11}
	EndGlobalSection
EndGlobal
