
Microsoft Visual Studio Solution File, Format Version 12.00
# Visual Studio Version 17
VisualStudioVersion = 17.5.33502.453
MinimumVisualStudioVersion = 10.0.40219.1
Project("{FAE04EC0-301F-11D3-BF4B-00C04F79EFBC}") = "API01", "API01.csproj", "{3FA89E6D-9180-4887-925F-F15E5B92860D}"
EndProject
Global
	GlobalSection(SolutionConfigurationPlatforms) = preSolution
		Debug|Any CPU = Debug|Any CPU
		Release|Any CPU = Release|Any CPU
	EndGlobalSection
	GlobalSection(ProjectConfigurationPlatforms) = postSolution
		{3FA89E6D-9180-4887-925F-F15E5B92860D}.Debug|Any CPU.ActiveCfg = Debug|Any CPU
		{3FA89E6D-9180-4887-925F-F15E5B92860D}.Debug|Any CPU.Build.0 = Debug|Any CPU
		{3FA89E6D-9180-4887-925F-F15E5B92860D}.Release|Any CPU.ActiveCfg = Release|Any CPU
		{3FA89E6D-9180-4887-925F-F15E5B92860D}.Release|Any CPU.Build.0 = Release|Any CPU
	EndGlobalSection
	GlobalSection(SolutionProperties) = preSolution
		HideSolutionNode = FALSE
	EndGlobalSection
	GlobalSection(ExtensibilityGlobals) = postSolution
		SolutionGuid = {5ED52B5D-9D6E-4465-A2EC-A509F84ADB38}
	EndGlobalSection
EndGlobal
